
Microsoft Visual Studio Solution File, Format Version 11.00
# Visual Studio 2010
Project("{FAE04EC0-301F-11D3-BF4B-00C04F79EFBC}") = "GpaHouston", "GpaHouston\GpaHouston.csproj", "{57B90C8E-E029-4642-8164-A3CB9BE89EB6}"
EndProject
Project("{FAE04EC0-301F-11D3-BF4B-00C04F79EFBC}") = "GpaHouston.Tests", "GpaHouston.Tests\GpaHouston.Tests.csproj", "{3646FD1A-AB59-4BB6-8FA0-2DAB6A76AB1D}"
EndProject
Global
	GlobalSection(SolutionConfigurationPlatforms) = preSolution
		Debug|Any CPU = Debug|Any CPU
		Release|Any CPU = Release|Any CPU
	EndGlobalSection
	GlobalSection(ProjectConfigurationPlatforms) = postSolution
		{57B90C8E-E029-4642-8164-A3CB9BE89EB6}.Debug|Any CPU.ActiveCfg = Debug|Any CPU
		{57B90C8E-E029-4642-8164-A3CB9BE89EB6}.Debug|Any CPU.Build.0 = Debug|Any CPU
		{57B90C8E-E029-4642-8164-A3CB9BE89EB6}.Release|Any CPU.ActiveCfg = Release|Any CPU
		{57B90C8E-E029-4642-8164-A3CB9BE89EB6}.Release|Any CPU.Build.0 = Release|Any CPU
		{3646FD1A-AB59-4BB6-8FA0-2DAB6A76AB1D}.Debug|Any CPU.ActiveCfg = Debug|Any CPU
		{3646FD1A-AB59-4BB6-8FA0-2DAB6A76AB1D}.Debug|Any CPU.Build.0 = Debug|Any CPU
		{3646FD1A-AB59-4BB6-8FA0-2DAB6A76AB1D}.Release|Any CPU.ActiveCfg = Release|Any CPU
		{3646FD1A-AB59-4BB6-8FA0-2DAB6A76AB1D}.Release|Any CPU.Build.0 = Release|Any CPU
	EndGlobalSection
	GlobalSection(SolutionProperties) = preSolution
		HideSolutionNode = FALSE
	EndGlobalSection
EndGlobal
